
Microsoft Visual Studio Solution File, Format Version 12.00
# Visual Studio Version 17
VisualStudioVersion = 17.6.33723.286
MinimumVisualStudioVersion = 10.0.40219.1
Project("{FAE04EC0-301F-11D3-BF4B-00C04F79EFBC}") = "chip-8", "chip-8.csproj", "{AC3530C6-F663-4885-B7E8-DD954BEB55F5}"
EndProject
Global
	GlobalSection(SolutionConfigurationPlatforms) = preSolution
		Debug|Any CPU = Debug|Any CPU
		Release|Any CPU = Release|Any CPU
	EndGlobalSection
	GlobalSection(ProjectConfigurationPlatforms) = postSolution
		{AC3530C6-F663-4885-B7E8-DD954BEB55F5}.Debug|Any CPU.ActiveCfg = Debug|Any CPU
		{AC3530C6-F663-4885-B7E8-DD954BEB55F5}.Debug|Any CPU.Build.0 = Debug|Any CPU
		{AC3530C6-F663-4885-B7E8-DD954BEB55F5}.Release|Any CPU.ActiveCfg = Release|Any CPU
		{AC3530C6-F663-4885-B7E8-DD954BEB55F5}.Release|Any CPU.Build.0 = Release|Any CPU
	EndGlobalSection
	GlobalSection(SolutionProperties) = preSolution
		HideSolutionNode = FALSE
	EndGlobalSection
	GlobalSection(ExtensibilityGlobals) = postSolution
		SolutionGuid = {793BCE57-B560-4479-ABC0-69BA3A55040E}
	EndGlobalSection
EndGlobal
